
Microsoft Visual Studio Solution File, Format Version 12.00
# Visual Studio Version 16
VisualStudioVersion = 16.0.30128.74
MinimumVisualStudioVersion = 10.0.40219.1
Project("{FAE04EC0-301F-11D3-BF4B-00C04F79EFBC}") = "InventorWrapper", "InventorWrapper.csproj", "{31D2045E-03A5-4638-99CD-9535790A70D2}"
EndProject
Global
	GlobalSection(SolutionConfigurationPlatforms) = preSolution
		Debug|Any CPU = Debug|Any CPU
		Release|Any CPU = Release|Any CPU
	EndGlobalSection
	GlobalSection(ProjectConfigurationPlatforms) = postSolution
		{31D2045E-03A5-4638-99CD-9535790A70D2}.Debug|Any CPU.ActiveCfg = Debug|Any CPU
		{31D2045E-03A5-4638-99CD-9535790A70D2}.Debug|Any CPU.Build.0 = Debug|Any CPU
		{31D2045E-03A5-4638-99CD-9535790A70D2}.Release|Any CPU.ActiveCfg = Release|Any CPU
		{31D2045E-03A5-4638-99CD-9535790A70D2}.Release|Any CPU.Build.0 = Release|Any CPU
	EndGlobalSection
	GlobalSection(SolutionProperties) = preSolution
		HideSolutionNode = FALSE
	EndGlobalSection
	GlobalSection(ExtensibilityGlobals) = postSolution
		SolutionGuid = {ABC78586-A779-4939-8845-7E7B8DAC6F27}
	EndGlobalSection
EndGlobal
